// !$*UTF8*$!
{
	archiveVersion = 1;
	classes = {
	};
	objectVersion = 52;
	objects = {

/* Begin PBXBuildFile section */
		EB5D67D226029CDC007DD1AC /* AppDelegate.swift in Sources */ = {isa = PBXBuildFile; fileRef = EB5D67D126029CDC007DD1AC /* AppDelegate.swift */; };
		EB5D67DB26029CDF007DD1AC /* Assets.xcassets in Resources */ = {isa = PBXBuildFile; fileRef = EB5D67DA26029CDF007DD1AC /* Assets.xcassets */; };
		EB5D67DE26029CDF007DD1AC /* LaunchScreen.storyboard in Resources */ = {isa = PBXBuildFile; fileRef = EB5D67DC26029CDF007DD1AC /* LaunchScreen.storyboard */; };
		EB5D67EF2602CC08007DD1AC /* MenuViewController.swift in Sources */ = {isa = PBXBuildFile; fileRef = EB5D67EE2602CC08007DD1AC /* MenuViewController.swift */; };
		EB7D9FE82625F02D00480D0A /* NameGame.swift in Sources */ = {isa = PBXBuildFile; fileRef = EB7D9FE72625F02D00480D0A /* NameGame.swift */; };
		EB91801B2617CA810073B22E /* Cache.swift in Sources */ = {isa = PBXBuildFile; fileRef = EB91801A2617CA810073B22E /* Cache.swift */; };
		EB91801F2617CAC80073B22E /* ConcorrencyOperation.swift in Sources */ = {isa = PBXBuildFile; fileRef = EB91801E2617CAC80073B22E /* ConcorrencyOperation.swift */; };
		EB9180222617CAEC0073B22E /* FetchImageOperation.swift in Sources */ = {isa = PBXBuildFile; fileRef = EB9180212617CAEC0073B22E /* FetchImageOperation.swift */; };
		EB91802C2617DB860073B22E /* TheNameGameTests.swift in Sources */ = {isa = PBXBuildFile; fileRef = EB91802B2617DB860073B22E /* TheNameGameTests.swift */; };
		EBCE1E912629076800AB367A /* MenuViewModel.swift in Sources */ = {isa = PBXBuildFile; fileRef = EBCE1E902629076800AB367A /* MenuViewModel.swift */; };
		EBCE1E95262916AF00AB367A /* TheNameGameMenuTest.swift in Sources */ = {isa = PBXBuildFile; fileRef = EBCE1E94262916AF00AB367A /* TheNameGameMenuTest.swift */; };
		EBE79C632602CFD9006A59B4 /* Appearance.swift in Sources */ = {isa = PBXBuildFile; fileRef = EBE79C622602CFD9006A59B4 /* Appearance.swift */; };
		EBE79C682602EC93006A59B4 /* Network.swift in Sources */ = {isa = PBXBuildFile; fileRef = EBE79C672602EC93006A59B4 /* Network.swift */; };
		EBE79C6D2602EED7006A59B4 /* Alamofire in Frameworks */ = {isa = PBXBuildFile; productRef = EBE79C6C2602EED7006A59B4 /* Alamofire */; };
		EBE79C722602EFB7006A59B4 /* Profile.swift in Sources */ = {isa = PBXBuildFile; fileRef = EBE79C712602EFB7006A59B4 /* Profile.swift */; };
		EBE79C7B2602F923006A59B4 /* BoxObservable.swift in Sources */ = {isa = PBXBuildFile; fileRef = EBE79C7A2602F923006A59B4 /* BoxObservable.swift */; };
		EBE79C7E26032D91006A59B4 /* GameViewController.swift in Sources */ = {isa = PBXBuildFile; fileRef = EBE79C7D26032D91006A59B4 /* GameViewController.swift */; };
		EBE79C822603BE72006A59B4 /* ProfileCollectionViewCell.swift in Sources */ = {isa = PBXBuildFile; fileRef = EBE79C812603BE72006A59B4 /* ProfileCollectionViewCell.swift */; };
		EBE79C852603CA10006A59B4 /* GameViewModel.swift in Sources */ = {isa = PBXBuildFile; fileRef = EBE79C842603CA10006A59B4 /* GameViewModel.swift */; };
		EBE79CA02609225F006A59B4 /* CircularProgressBar.swift in Sources */ = {isa = PBXBuildFile; fileRef = EBE79C9F2609225F006A59B4 /* CircularProgressBar.swift */; };
/* End PBXBuildFile section */

/* Begin PBXContainerItemProxy section */
		EB91802E2617DB860073B22E /* PBXContainerItemProxy */ = {
			isa = PBXContainerItemProxy;
			containerPortal = EB5D67C626029CDC007DD1AC /* Project object */;
			proxyType = 1;
			remoteGlobalIDString = EB5D67CD26029CDC007DD1AC;
			remoteInfo = TheNameGame;
		};
/* End PBXContainerItemProxy section */

/* Begin PBXFileReference section */
		EB5D67CE26029CDC007DD1AC /* TheNameGame.app */ = {isa = PBXFileReference; explicitFileType = wrapper.application; includeInIndex = 0; path = TheNameGame.app; sourceTree = BUILT_PRODUCTS_DIR; };
		EB5D67D126029CDC007DD1AC /* AppDelegate.swift */ = {isa = PBXFileReference; lastKnownFileType = sourcecode.swift; path = AppDelegate.swift; sourceTree = "<group>"; };
		EB5D67DA26029CDF007DD1AC /* Assets.xcassets */ = {isa = PBXFileReference; lastKnownFileType = folder.assetcatalog; path = Assets.xcassets; sourceTree = "<group>"; };
		EB5D67DD26029CDF007DD1AC /* Base */ = {isa = PBXFileReference; lastKnownFileType = file.storyboard; name = Base; path = Base.lproj/LaunchScreen.storyboard; sourceTree = "<group>"; };
		EB5D67DF26029CDF007DD1AC /* Info.plist */ = {isa = PBXFileReference; lastKnownFileType = text.plist.xml; path = Info.plist; sourceTree = "<group>"; };
		EB5D67EE2602CC08007DD1AC /* MenuViewController.swift */ = {isa = PBXFileReference; lastKnownFileType = sourcecode.swift; path = MenuViewController.swift; sourceTree = "<group>"; };
		EB7D9FE72625F02D00480D0A /* NameGame.swift */ = {isa = PBXFileReference; lastKnownFileType = sourcecode.swift; path = NameGame.swift; sourceTree = "<group>"; };
		EB91801A2617CA810073B22E /* Cache.swift */ = {isa = PBXFileReference; lastKnownFileType = sourcecode.swift; path = Cache.swift; sourceTree = "<group>"; };
		EB91801E2617CAC80073B22E /* ConcorrencyOperation.swift */ = {isa = PBXFileReference; lastKnownFileType = sourcecode.swift; path = ConcorrencyOperation.swift; sourceTree = "<group>"; };
		EB9180212617CAEC0073B22E /* FetchImageOperation.swift */ = {isa = PBXFileReference; lastKnownFileType = sourcecode.swift; path = FetchImageOperation.swift; sourceTree = "<group>"; };
		EB9180292617DB860073B22E /* TheNameGameTests.xctest */ = {isa = PBXFileReference; explicitFileType = wrapper.cfbundle; includeInIndex = 0; path = TheNameGameTests.xctest; sourceTree = BUILT_PRODUCTS_DIR; };
		EB91802B2617DB860073B22E /* TheNameGameTests.swift */ = {isa = PBXFileReference; lastKnownFileType = sourcecode.swift; path = TheNameGameTests.swift; sourceTree = "<group>"; };
		EB91802D2617DB860073B22E /* Info.plist */ = {isa = PBXFileReference; lastKnownFileType = text.plist.xml; path = Info.plist; sourceTree = "<group>"; };
		EBCE1E902629076800AB367A /* MenuViewModel.swift */ = {isa = PBXFileReference; lastKnownFileType = sourcecode.swift; path = MenuViewModel.swift; sourceTree = "<group>"; };
		EBCE1E94262916AF00AB367A /* TheNameGameMenuTest.swift */ = {isa = PBXFileReference; lastKnownFileType = sourcecode.swift; path = TheNameGameMenuTest.swift; sourceTree = "<group>"; };
		EBE79C622602CFD9006A59B4 /* Appearance.swift */ = {isa = PBXFileReference; lastKnownFileType = sourcecode.swift; path = Appearance.swift; sourceTree = "<group>"; };
		EBE79C672602EC93006A59B4 /* Network.swift */ = {isa = PBXFileReference; lastKnownFileType = sourcecode.swift; path = Network.swift; sourceTree = "<group>"; };
		EBE79C712602EFB7006A59B4 /* Profile.swift */ = {isa = PBXFileReference; lastKnownFileType = sourcecode.swift; path = Profile.swift; sourceTree = "<group>"; };
		EBE79C7A2602F923006A59B4 /* BoxObservable.swift */ = {isa = PBXFileReference; lastKnownFileType = sourcecode.swift; path = BoxObservable.swift; sourceTree = "<group>"; };
		EBE79C7D26032D91006A59B4 /* GameViewController.swift */ = {isa = PBXFileReference; lastKnownFileType = sourcecode.swift; path = GameViewController.swift; sourceTree = "<group>"; };
		EBE79C812603BE72006A59B4 /* ProfileCollectionViewCell.swift */ = {isa = PBXFileReference; lastKnownFileType = sourcecode.swift; path = ProfileCollectionViewCell.swift; sourceTree = "<group>"; };
		EBE79C842603CA10006A59B4 /* GameViewModel.swift */ = {isa = PBXFileReference; lastKnownFileType = sourcecode.swift; path = GameViewModel.swift; sourceTree = "<group>"; };
		EBE79C9F2609225F006A59B4 /* CircularProgressBar.swift */ = {isa = PBXFileReference; lastKnownFileType = sourcecode.swift; path = CircularProgressBar.swift; sourceTree = "<group>"; };
/* End PBXFileReference section */

/* Begin PBXFrameworksBuildPhase section */
		EB5D67CB26029CDC007DD1AC /* Frameworks */ = {
			isa = PBXFrameworksBuildPhase;
			buildActionMask = 2147483647;
			files = (
				EBE79C6D2602EED7006A59B4 /* Alamofire in Frameworks */,
			);
			runOnlyForDeploymentPostprocessing = 0;
		};
		EB9180262617DB860073B22E /* Frameworks */ = {
			isa = PBXFrameworksBuildPhase;
			buildActionMask = 2147483647;
			files = (
			);
			runOnlyForDeploymentPostprocessing = 0;
		};
/* End PBXFrameworksBuildPhase section */

/* Begin PBXGroup section */
		EB5D67C526029CDC007DD1AC = {
			isa = PBXGroup;
			children = (
				EB5D67D026029CDC007DD1AC /* TheNameGame */,
				EB91802A2617DB860073B22E /* TheNameGameTests */,
				EB5D67CF26029CDC007DD1AC /* Products */,
			);
			sourceTree = "<group>";
		};
		EB5D67CF26029CDC007DD1AC /* Products */ = {
			isa = PBXGroup;
			children = (
				EB5D67CE26029CDC007DD1AC /* TheNameGame.app */,
				EB9180292617DB860073B22E /* TheNameGameTests.xctest */,
			);
			name = Products;
			sourceTree = "<group>";
		};
		EB5D67D026029CDC007DD1AC /* TheNameGame */ = {
			isa = PBXGroup;
			children = (
				EB91801D2617CAAC0073B22E /* Concurrency */,
				EBE79C742602F61A006A59B4 /* View Model */,
				EBE79C702602EFA3006A59B4 /* Model */,
				EBE79C6F2602EF8C006A59B4 /* Service */,
				EBE79C612602CFC7006A59B4 /* Utililty */,
				EB5D67ED2602CBD4007DD1AC /* View Controller */,
				EB5D67EB26029D41007DD1AC /* Views */,
				EB5D67EA26029D25007DD1AC /* Resources */,
				EB5D67DF26029CDF007DD1AC /* Info.plist */,
			);
			path = TheNameGame;
			sourceTree = "<group>";
		};
		EB5D67EA26029D25007DD1AC /* Resources */ = {
			isa = PBXGroup;
			children = (
				EB5D67D126029CDC007DD1AC /* AppDelegate.swift */,
				EB5D67DA26029CDF007DD1AC /* Assets.xcassets */,
			);
			path = Resources;
			sourceTree = "<group>";
		};
		EB5D67EB26029D41007DD1AC /* Views */ = {
			isa = PBXGroup;
			children = (
				EB5D67DC26029CDF007DD1AC /* LaunchScreen.storyboard */,
				EBE79C812603BE72006A59B4 /* ProfileCollectionViewCell.swift */,
				EBE79C9F2609225F006A59B4 /* CircularProgressBar.swift */,
			);
			path = Views;
			sourceTree = "<group>";
		};
		EB5D67ED2602CBD4007DD1AC /* View Controller */ = {
			isa = PBXGroup;
			children = (
				EB5D67EE2602CC08007DD1AC /* MenuViewController.swift */,
				EBE79C7D26032D91006A59B4 /* GameViewController.swift */,
			);
			path = "View Controller";
			sourceTree = "<group>";
		};
		EB91801D2617CAAC0073B22E /* Concurrency */ = {
			isa = PBXGroup;
			children = (
				EB91801E2617CAC80073B22E /* ConcorrencyOperation.swift */,
				EB9180212617CAEC0073B22E /* FetchImageOperation.swift */,
			);
			path = Concurrency;
			sourceTree = "<group>";
		};
		EB91802A2617DB860073B22E /* TheNameGameTests */ = {
			isa = PBXGroup;
			children = (
				EBCE1E94262916AF00AB367A /* TheNameGameMenuTest.swift */,
				EB91802B2617DB860073B22E /* TheNameGameTests.swift */,
				EB91802D2617DB860073B22E /* Info.plist */,
			);
			path = TheNameGameTests;
			sourceTree = "<group>";
		};
		EBE79C612602CFC7006A59B4 /* Utililty */ = {
			isa = PBXGroup;
			children = (
				EBE79C622602CFD9006A59B4 /* Appearance.swift */,
				EBE79C7A2602F923006A59B4 /* BoxObservable.swift */,
				EB91801A2617CA810073B22E /* Cache.swift */,
			);
			path = Utililty;
			sourceTree = "<group>";
		};
		EBE79C6F2602EF8C006A59B4 /* Service */ = {
			isa = PBXGroup;
			children = (
				EBE79C672602EC93006A59B4 /* Network.swift */,
			);
			path = Service;
			sourceTree = "<group>";
		};
		EBE79C702602EFA3006A59B4 /* Model */ = {
			isa = PBXGroup;
			children = (
				EBE79C712602EFB7006A59B4 /* Profile.swift */,
				EB7D9FE72625F02D00480D0A /* NameGame.swift */,
			);
			path = Model;
			sourceTree = "<group>";
		};
		EBE79C742602F61A006A59B4 /* View Model */ = {
			isa = PBXGroup;
			children = (
				EBE79C842603CA10006A59B4 /* GameViewModel.swift */,
				EBCE1E902629076800AB367A /* MenuViewModel.swift */,
			);
			path = "View Model";
			sourceTree = "<group>";
		};
/* End PBXGroup section */

/* Begin PBXNativeTarget section */
		EB5D67CD26029CDC007DD1AC /* TheNameGame */ = {
			isa = PBXNativeTarget;
			buildConfigurationList = EB5D67E226029CDF007DD1AC /* Build configuration list for PBXNativeTarget "TheNameGame" */;
			buildPhases = (
				EB5D67CA26029CDC007DD1AC /* Sources */,
				EB5D67CB26029CDC007DD1AC /* Frameworks */,
				EB5D67CC26029CDC007DD1AC /* Resources */,
			);
			buildRules = (
			);
			dependencies = (
			);
			name = TheNameGame;
			packageProductDependencies = (
				EBE79C6C2602EED7006A59B4 /* Alamofire */,
			);
			productName = TheNameGame;
			productReference = EB5D67CE26029CDC007DD1AC /* TheNameGame.app */;
			productType = "com.apple.product-type.application";
		};
		EB9180282617DB860073B22E /* TheNameGameTests */ = {
			isa = PBXNativeTarget;
			buildConfigurationList = EB9180322617DB860073B22E /* Build configuration list for PBXNativeTarget "TheNameGameTests" */;
			buildPhases = (
				EB9180252617DB860073B22E /* Sources */,
				EB9180262617DB860073B22E /* Frameworks */,
				EB9180272617DB860073B22E /* Resources */,
			);
			buildRules = (
			);
			dependencies = (
				EB91802F2617DB860073B22E /* PBXTargetDependency */,
			);
			name = TheNameGameTests;
			productName = TheNameGameTests;
			productReference = EB9180292617DB860073B22E /* TheNameGameTests.xctest */;
			productType = "com.apple.product-type.bundle.unit-test";
		};
/* End PBXNativeTarget section */

/* Begin PBXProject section */
		EB5D67C626029CDC007DD1AC /* Project object */ = {
			isa = PBXProject;
			attributes = {
				LastSwiftUpdateCheck = 1240;
				LastUpgradeCheck = 1240;
				TargetAttributes = {
					EB5D67CD26029CDC007DD1AC = {
						CreatedOnToolsVersion = 12.4;
					};
					EB9180282617DB860073B22E = {
						CreatedOnToolsVersion = 12.4;
						TestTargetID = EB5D67CD26029CDC007DD1AC;
					};
				};
			};
			buildConfigurationList = EB5D67C926029CDC007DD1AC /* Build configuration list for PBXProject "TheNameGame" */;
			compatibilityVersion = "Xcode 9.3";
			developmentRegion = en;
			hasScannedForEncodings = 0;
			knownRegions = (
				en,
				Base,
			);
			mainGroup = EB5D67C526029CDC007DD1AC;
			packageReferences = (
				EBE79C6B2602EED7006A59B4 /* XCRemoteSwiftPackageReference "Alamofire" */,
			);
			productRefGroup = EB5D67CF26029CDC007DD1AC /* Products */;
			projectDirPath = "";
			projectRoot = "";
			targets = (
				EB5D67CD26029CDC007DD1AC /* TheNameGame */,
				EB9180282617DB860073B22E /* TheNameGameTests */,
			);
		};
/* End PBXProject section */

/* Begin PBXResourcesBuildPhase section */
		EB5D67CC26029CDC007DD1AC /* Resources */ = {
			isa = PBXResourcesBuildPhase;
			buildActionMask = 2147483647;
			files = (
				EB5D67DE26029CDF007DD1AC /* LaunchScreen.storyboard in Resources */,
				EB5D67DB26029CDF007DD1AC /* Assets.xcassets in Resources */,
			);
			runOnlyForDeploymentPostprocessing = 0;
		};
		EB9180272617DB860073B22E /* Resources */ = {
			isa = PBXResourcesBuildPhase;
			buildActionMask = 2147483647;
			files = (
			);
			runOnlyForDeploymentPostprocessing = 0;
		};
/* End PBXResourcesBuildPhase section */

/* Begin PBXSourcesBuildPhase section */
		EB5D67CA26029CDC007DD1AC /* Sources */ = {
			isa = PBXSourcesBuildPhase;
			buildActionMask = 2147483647;
			files = (
				EBE79C682602EC93006A59B4 /* Network.swift in Sources */,
				EBE79C822603BE72006A59B4 /* ProfileCollectionViewCell.swift in Sources */,
				EBE79C722602EFB7006A59B4 /* Profile.swift in Sources */,
				EBCE1E912629076800AB367A /* MenuViewModel.swift in Sources */,
				EB5D67D226029CDC007DD1AC /* AppDelegate.swift in Sources */,
				EB7D9FE82625F02D00480D0A /* NameGame.swift in Sources */,
				EB91801B2617CA810073B22E /* Cache.swift in Sources */,
				EB5D67EF2602CC08007DD1AC /* MenuViewController.swift in Sources */,
				EBE79C7E26032D91006A59B4 /* GameViewController.swift in Sources */,
				EB91801F2617CAC80073B22E /* ConcorrencyOperation.swift in Sources */,
				EB9180222617CAEC0073B22E /* FetchImageOperation.swift in Sources */,
				EBE79C632602CFD9006A59B4 /* Appearance.swift in Sources */,
				EBE79C7B2602F923006A59B4 /* BoxObservable.swift in Sources */,
				EBE79C852603CA10006A59B4 /* GameViewModel.swift in Sources */,
				EBE79CA02609225F006A59B4 /* CircularProgressBar.swift in Sources */,
			);
			runOnlyForDeploymentPostprocessing = 0;
		};
		EB9180252617DB860073B22E /* Sources */ = {
			isa = PBXSourcesBuildPhase;
			buildActionMask = 2147483647;
			files = (
				EB91802C2617DB860073B22E /* TheNameGameTests.swift in Sources */,
				EBCE1E95262916AF00AB367A /* TheNameGameMenuTest.swift in Sources */,
			);
			runOnlyForDeploymentPostprocessing = 0;
		};
/* End PBXSourcesBuildPhase section */

/* Begin PBXTargetDependency section */
		EB91802F2617DB860073B22E /* PBXTargetDependency */ = {
			isa = PBXTargetDependency;
			target = EB5D67CD26029CDC007DD1AC /* TheNameGame */;
			targetProxy = EB91802E2617DB860073B22E /* PBXContainerItemProxy */;
		};
/* End PBXTargetDependency section */

/* Begin PBXVariantGroup section */
		EB5D67DC26029CDF007DD1AC /* LaunchScreen.storyboard */ = {
			isa = PBXVariantGroup;
			children = (
				EB5D67DD26029CDF007DD1AC /* Base */,
			);
			name = LaunchScreen.storyboard;
			sourceTree = "<group>";
		};
/* End PBXVariantGroup section */

/* Begin XCBuildConfiguration section */
		EB5D67E026029CDF007DD1AC /* Debug */ = {
			isa = XCBuildConfiguration;
			buildSettings = {
				ALWAYS_SEARCH_USER_PATHS = NO;
				CLANG_ANALYZER_NONNULL = YES;
				CLANG_ANALYZER_NUMBER_OBJECT_CONVERSION = YES_AGGRESSIVE;
				CLANG_CXX_LANGUAGE_STANDARD = "gnu++14";
				CLANG_CXX_LIBRARY = "libc++";
				CLANG_ENABLE_MODULES = YES;
				CLANG_ENABLE_OBJC_ARC = YES;
				CLANG_ENABLE_OBJC_WEAK = YES;
				CLANG_WARN_BLOCK_CAPTURE_AUTORELEASING = YES;
				CLANG_WARN_BOOL_CONVERSION = YES;
				CLANG_WARN_COMMA = YES;
				CLANG_WARN_CONSTANT_CONVERSION = YES;
				CLANG_WARN_DEPRECATED_OBJC_IMPLEMENTATIONS = YES;
				CLANG_WARN_DIRECT_OBJC_ISA_USAGE = YES_ERROR;
				CLANG_WARN_DOCUMENTATION_COMMENTS = YES;
				CLANG_WARN_EMPTY_BODY = YES;
				CLANG_WARN_ENUM_CONVERSION = YES;
				CLANG_WARN_INFINITE_RECURSION = YES;
				CLANG_WARN_INT_CONVERSION = YES;
				CLANG_WARN_NON_LITERAL_NULL_CONVERSION = YES;
				CLANG_WARN_OBJC_IMPLICIT_RETAIN_SELF = YES;
				CLANG_WARN_OBJC_LITERAL_CONVERSION = YES;
				CLANG_WARN_OBJC_ROOT_CLASS = YES_ERROR;
				CLANG_WARN_QUOTED_INCLUDE_IN_FRAMEWORK_HEADER = YES;
				CLANG_WARN_RANGE_LOOP_ANALYSIS = YES;
				CLANG_WARN_STRICT_PROTOTYPES = YES;
				CLANG_WARN_SUSPICIOUS_MOVE = YES;
				CLANG_WARN_UNGUARDED_AVAILABILITY = YES_AGGRESSIVE;
				CLANG_WARN_UNREACHABLE_CODE = YES;
				CLANG_WARN__DUPLICATE_METHOD_MATCH = YES;
				COPY_PHASE_STRIP = NO;
				DEBUG_INFORMATION_FORMAT = dwarf;
				ENABLE_STRICT_OBJC_MSGSEND = YES;
				ENABLE_TESTABILITY = YES;
				GCC_C_LANGUAGE_STANDARD = gnu11;
				GCC_DYNAMIC_NO_PIC = NO;
				GCC_NO_COMMON_BLOCKS = YES;
				GCC_OPTIMIZATION_LEVEL = 0;
				GCC_PREPROCESSOR_DEFINITIONS = (
					"DEBUG=1",
					"$(inherited)",
				);
				GCC_WARN_64_TO_32_BIT_CONVERSION = YES;
				GCC_WARN_ABOUT_RETURN_TYPE = YES_ERROR;
				GCC_WARN_UNDECLARED_SELECTOR = YES;
				GCC_WARN_UNINITIALIZED_AUTOS = YES_AGGRESSIVE;
				GCC_WARN_UNUSED_FUNCTION = YES;
				GCC_WARN_UNUSED_VARIABLE = YES;
				IPHONEOS_DEPLOYMENT_TARGET = 14.4;
				MTL_ENABLE_DEBUG_INFO = INCLUDE_SOURCE;
				MTL_FAST_MATH = YES;
				ONLY_ACTIVE_ARCH = YES;
				SDKROOT = iphoneos;
				SWIFT_ACTIVE_COMPILATION_CONDITIONS = DEBUG;
				SWIFT_OPTIMIZATION_LEVEL = "-Onone";
			};
			name = Debug;
		};
		EB5D67E126029CDF007DD1AC /* Release */ = {
			isa = XCBuildConfiguration;
			buildSettings = {
				ALWAYS_SEARCH_USER_PATHS = NO;
				CLANG_ANALYZER_NONNULL = YES;
				CLANG_ANALYZER_NUMBER_OBJECT_CONVERSION = YES_AGGRESSIVE;
				CLANG_CXX_LANGUAGE_STANDARD = "gnu++14";
				CLANG_CXX_LIBRARY = "libc++";
				CLANG_ENABLE_MODULES = YES;
				CLANG_ENABLE_OBJC_ARC = YES;
				CLANG_ENABLE_OBJC_WEAK = YES;
				CLANG_WARN_BLOCK_CAPTURE_AUTORELEASING = YES;
				CLANG_WARN_BOOL_CONVERSION = YES;
				CLANG_WARN_COMMA = YES;
				CLANG_WARN_CONSTANT_CONVERSION = YES;
				CLANG_WARN_DEPRECATED_OBJC_IMPLEMENTATIONS = YES;
				CLANG_WARN_DIRECT_OBJC_ISA_USAGE = YES_ERROR;
				CLANG_WARN_DOCUMENTATION_COMMENTS = YES;
				CLANG_WARN_EMPTY_BODY = YES;
				CLANG_WARN_ENUM_CONVERSION = YES;
				CLANG_WARN_INFINITE_RECURSION = YES;
				CLANG_WARN_INT_CONVERSION = YES;
				CLANG_WARN_NON_LITERAL_NULL_CONVERSION = YES;
				CLANG_WARN_OBJC_IMPLICIT_RETAIN_SELF = YES;
				CLANG_WARN_OBJC_LITERAL_CONVERSION = YES;
				CLANG_WARN_OBJC_ROOT_CLASS = YES_ERROR;
				CLANG_WARN_QUOTED_INCLUDE_IN_FRAMEWORK_HEADER = YES;
				CLANG_WARN_RANGE_LOOP_ANALYSIS = YES;
				CLANG_WARN_STRICT_PROTOTYPES = YES;
				CLANG_WARN_SUSPICIOUS_MOVE = YES;
				CLANG_WARN_UNGUARDED_AVAILABILITY = YES_AGGRESSIVE;
				CLANG_WARN_UNREACHABLE_CODE = YES;
				CLANG_WARN__DUPLICATE_METHOD_MATCH = YES;
				COPY_PHASE_STRIP = NO;
				DEBUG_INFORMATION_FORMAT = "dwarf-with-dsym";
				ENABLE_NS_ASSERTIONS = NO;
				ENABLE_STRICT_OBJC_MSGSEND = YES;
				GCC_C_LANGUAGE_STANDARD = gnu11;
				GCC_NO_COMMON_BLOCKS = YES;
				GCC_WARN_64_TO_32_BIT_CONVERSION = YES;
				GCC_WARN_ABOUT_RETURN_TYPE = YES_ERROR;
				GCC_WARN_UNDECLARED_SELECTOR = YES;
				GCC_WARN_UNINITIALIZED_AUTOS = YES_AGGRESSIVE;
				GCC_WARN_UNUSED_FUNCTION = YES;
				GCC_WARN_UNUSED_VARIABLE = YES;
				IPHONEOS_DEPLOYMENT_TARGET = 14.4;
				MTL_ENABLE_DEBUG_INFO = NO;
				MTL_FAST_MATH = YES;
				SDKROOT = iphoneos;
				SWIFT_COMPILATION_MODE = wholemodule;
				SWIFT_OPTIMIZATION_LEVEL = "-O";
				VALIDATE_PRODUCT = YES;
			};
			name = Release;
		};
		EB5D67E326029CDF007DD1AC /* Debug */ = {
			isa = XCBuildConfiguration;
			buildSettings = {
				ASSETCATALOG_COMPILER_APPICON_NAME = AppIcon;
				ASSETCATALOG_COMPILER_GLOBAL_ACCENT_COLOR_NAME = AccentColor;
				CODE_SIGN_STYLE = Automatic;
				DEVELOPMENT_TEAM = W6VGBGBJ68;
				INFOPLIST_FILE = TheNameGame/Info.plist;
				LD_RUNPATH_SEARCH_PATHS = (
					"$(inherited)",
					"@executable_path/Frameworks",
				);
				PRODUCT_BUNDLE_IDENTIFIER = com.iyinraphael.TheNameGame;
				PRODUCT_NAME = "$(TARGET_NAME)";
				SWIFT_VERSION = 5.0;
				TARGETED_DEVICE_FAMILY = "1,2";
			};
			name = Debug;
		};
		EB5D67E426029CDF007DD1AC /* Release */ = {
			isa = XCBuildConfiguration;
			buildSettings = {
				ASSETCATALOG_COMPILER_APPICON_NAME = AppIcon;
				ASSETCATALOG_COMPILER_GLOBAL_ACCENT_COLOR_NAME = AccentColor;
				CODE_SIGN_STYLE = Automatic;
				DEVELOPMENT_TEAM = W6VGBGBJ68;
				INFOPLIST_FILE = TheNameGame/Info.plist;
				LD_RUNPATH_SEARCH_PATHS = (
					"$(inherited)",
					"@executable_path/Frameworks",
				);
				PRODUCT_BUNDLE_IDENTIFIER = com.iyinraphael.TheNameGame;
				PRODUCT_NAME = "$(TARGET_NAME)";
				SWIFT_VERSION = 5.0;
				TARGETED_DEVICE_FAMILY = "1,2";
			};
			name = Release;
		};
		EB9180302617DB860073B22E /* Debug */ = {
			isa = XCBuildConfiguration;
			buildSettings = {
				BUNDLE_LOADER = "$(TEST_HOST)";
				CODE_SIGN_STYLE = Automatic;
				DEVELOPMENT_TEAM = W6VGBGBJ68;
				INFOPLIST_FILE = TheNameGameTests/Info.plist;
				LD_RUNPATH_SEARCH_PATHS = (
					"$(inherited)",
					"@executable_path/Frameworks",
					"@loader_path/Frameworks",
				);
				PRODUCT_BUNDLE_IDENTIFIER = com.iyinraphael.TheNameGameTests;
				PRODUCT_NAME = "$(TARGET_NAME)";
				SWIFT_VERSION = 5.0;
				TARGETED_DEVICE_FAMILY = "1,2";
				TEST_HOST = "$(BUILT_PRODUCTS_DIR)/TheNameGame.app/TheNameGame";
			};
			name = Debug;
		};
		EB9180312617DB860073B22E /* Release */ = {
			isa = XCBuildConfiguration;
			buildSettings = {
				BUNDLE_LOADER = "$(TEST_HOST)";
				CODE_SIGN_STYLE = Automatic;
				DEVELOPMENT_TEAM = W6VGBGBJ68;
				INFOPLIST_FILE = TheNameGameTests/Info.plist;
				LD_RUNPATH_SEARCH_PATHS = (
					"$(inherited)",
					"@executable_path/Frameworks",
					"@loader_path/Frameworks",
				);
				PRODUCT_BUNDLE_IDENTIFIER = com.iyinraphael.TheNameGameTests;
				PRODUCT_NAME = "$(TARGET_NAME)";
				SWIFT_VERSION = 5.0;
				TARGETED_DEVICE_FAMILY = "1,2";
				TEST_HOST = "$(BUILT_PRODUCTS_DIR)/TheNameGame.app/TheNameGame";
			};
			name = Release;
		};
/* End XCBuildConfiguration section */

/* Begin XCConfigurationList section */
		EB5D67C926029CDC007DD1AC /* Build configuration list for PBXProject "TheNameGame" */ = {
			isa = XCConfigurationList;
			buildConfigurations = (
				EB5D67E026029CDF007DD1AC /* Debug */,
				EB5D67E126029CDF007DD1AC /* Release */,
			);
			defaultConfigurationIsVisible = 0;
			defaultConfigurationName = Release;
		};
		EB5D67E226029CDF007DD1AC /* Build configuration list for PBXNativeTarget "TheNameGame" */ = {
			isa = XCConfigurationList;
			buildConfigurations = (
				EB5D67E326029CDF007DD1AC /* Debug */,
				EB5D67E426029CDF007DD1AC /* Release */,
			);
			defaultConfigurationIsVisible = 0;
			defaultConfigurationName = Release;
		};
		EB9180322617DB860073B22E /* Build configuration list for PBXNativeTarget "TheNameGameTests" */ = {
			isa = XCConfigurationList;
			buildConfigurations = (
				EB9180302617DB860073B22E /* Debug */,
				EB9180312617DB860073B22E /* Release */,
			);
			defaultConfigurationIsVisible = 0;
			defaultConfigurationName = Release;
		};
/* End XCConfigurationList section */

/* Begin XCRemoteSwiftPackageReference section */
		EBE79C6B2602EED7006A59B4 /* XCRemoteSwiftPackageReference "Alamofire" */ = {
			isa = XCRemoteSwiftPackageReference;
			repositoryURL = "https://github.com/Alamofire/Alamofire.git";
			requirement = {
				kind = upToNextMajorVersion;
				minimumVersion = 5.4.1;
			};
		};
/* End XCRemoteSwiftPackageReference section */

/* Begin XCSwiftPackageProductDependency section */
		EBE79C6C2602EED7006A59B4 /* Alamofire */ = {
			isa = XCSwiftPackageProductDependency;
			package = EBE79C6B2602EED7006A59B4 /* XCRemoteSwiftPackageReference "Alamofire" */;
			productName = Alamofire;
		};
/* End XCSwiftPackageProductDependency section */
	};
	rootObject = EB5D67C626029CDC007DD1AC /* Project object */;
}
